// !$*UTF8*$!
{
	archiveVersion = 1;
	classes = {
	};
	objectVersion = 48;
	objects = {

/* Begin PBXBuildFile section */
		3F3B073E1FDC7994007865F4 /* AppData.swift in Sources */ = {isa = PBXBuildFile; fileRef = 3F3B073D1FDC7994007865F4 /* AppData.swift */; };
		3F3B07401FDC7C65007865F4 /* endScene.sks in Resources */ = {isa = PBXBuildFile; fileRef = 3F3B073F1FDC7C65007865F4 /* endScene.sks */; };
		3F3B07421FDC7CFB007865F4 /* EndBackground.jpg in Resources */ = {isa = PBXBuildFile; fileRef = 3F3B07411FDC7CFB007865F4 /* EndBackground.jpg */; };
		3F3B07441FDC8061007865F4 /* EndScene.swift in Sources */ = {isa = PBXBuildFile; fileRef = 3F3B07431FDC8061007865F4 /* EndScene.swift */; };
		3F6E48531FBCD326004016F8 /* YellowBall.png in Resources */ = {isa = PBXBuildFile; fileRef = 3F6E48501FBCD325004016F8 /* YellowBall.png */; };
		3F6E48541FBCD326004016F8 /* RedBall.png in Resources */ = {isa = PBXBuildFile; fileRef = 3F6E48511FBCD325004016F8 /* RedBall.png */; };
		3F6E48561FBCD385004016F8 /* BlueBall.png in Resources */ = {isa = PBXBuildFile; fileRef = 3F6E48551FBCD385004016F8 /* BlueBall.png */; };
		3F8C072C1FD5EC0A00ED5934 /* level1.sks in Resources */ = {isa = PBXBuildFile; fileRef = 3F8C072B1FD5EC0A00ED5934 /* level1.sks */; };
		3F8C07301FD5F42900ED5934 /* level3.sks in Resources */ = {isa = PBXBuildFile; fileRef = 3F8C072F1FD5F42900ED5934 /* level3.sks */; };
		3F8C07341FD5F5A300ED5934 /* level4.sks in Resources */ = {isa = PBXBuildFile; fileRef = 3F8C07331FD5F5A300ED5934 /* level4.sks */; };
		3F8C07361FD5FB0B00ED5934 /* level5.sks in Resources */ = {isa = PBXBuildFile; fileRef = 3F8C07351FD5FB0B00ED5934 /* level5.sks */; };
		3FAF758B1FBD319D00E4681B /* launchBall.swift in Sources */ = {isa = PBXBuildFile; fileRef = 3FAF758A1FBD319D00E4681B /* launchBall.swift */; };
		3FD113B71FDB0926002D0113 /* HomeBackground.jpg in Resources */ = {isa = PBXBuildFile; fileRef = 3FD113B61FDB0926002D0113 /* HomeBackground.jpg */; };
		3FD113B91FDB095C002D0113 /* homeScene.sks in Resources */ = {isa = PBXBuildFile; fileRef = 3FD113B81FDB095C002D0113 /* homeScene.sks */; };
		3FD113BB1FDB0FCB002D0113 /* HomeScene.swift in Sources */ = {isa = PBXBuildFile; fileRef = 3FD113BA1FDB0FCB002D0113 /* HomeScene.swift */; };
		3FDD98281FD33AB90047704A /* level2.sks in Resources */ = {isa = PBXBuildFile; fileRef = 3FDD98271FD33AB90047704A /* level2.sks */; };
		3FDD982B1FD33D790047704A /* SceneManager.swift in Sources */ = {isa = PBXBuildFile; fileRef = 3FDD982A1FD33D790047704A /* SceneManager.swift */; };
		3FDEEE2E1FBD2000005E70ED /* testScene.sks in Resources */ = {isa = PBXBuildFile; fileRef = 3FDEEE2D1FBD2000005E70ED /* testScene.sks */; };
		3FFDCA2F1FBB42C1008C40AE /* AppDelegate.swift in Sources */ = {isa = PBXBuildFile; fileRef = 3FFDCA2E1FBB42C1008C40AE /* AppDelegate.swift */; };
		3FFDCA311FBB42C1008C40AE /* GameScene.sks in Resources */ = {isa = PBXBuildFile; fileRef = 3FFDCA301FBB42C1008C40AE /* GameScene.sks */; };
		3FFDCA331FBB42C1008C40AE /* Actions.sks in Resources */ = {isa = PBXBuildFile; fileRef = 3FFDCA321FBB42C1008C40AE /* Actions.sks */; };
		3FFDCA351FBB42C1008C40AE /* GameScene.swift in Sources */ = {isa = PBXBuildFile; fileRef = 3FFDCA341FBB42C1008C40AE /* GameScene.swift */; };
		3FFDCA371FBB42C1008C40AE /* GameViewController.swift in Sources */ = {isa = PBXBuildFile; fileRef = 3FFDCA361FBB42C1008C40AE /* GameViewController.swift */; };
		3FFDCA3A1FBB42C1008C40AE /* Main.storyboard in Resources */ = {isa = PBXBuildFile; fileRef = 3FFDCA381FBB42C1008C40AE /* Main.storyboard */; };
		3FFDCA3C1FBB42C1008C40AE /* Assets.xcassets in Resources */ = {isa = PBXBuildFile; fileRef = 3FFDCA3B1FBB42C1008C40AE /* Assets.xcassets */; };
		3FFDCA3F1FBB42C1008C40AE /* LaunchScreen.storyboard in Resources */ = {isa = PBXBuildFile; fileRef = 3FFDCA3D1FBB42C1008C40AE /* LaunchScreen.storyboard */; };
/* End PBXBuildFile section */

/* Begin PBXFileReference section */
		3F3B073D1FDC7994007865F4 /* AppData.swift */ = {isa = PBXFileReference; lastKnownFileType = sourcecode.swift; path = AppData.swift; sourceTree = "<group>"; };
		3F3B073F1FDC7C65007865F4 /* endScene.sks */ = {isa = PBXFileReference; lastKnownFileType = file.sks; path = endScene.sks; sourceTree = "<group>"; };
		3F3B07411FDC7CFB007865F4 /* EndBackground.jpg */ = {isa = PBXFileReference; lastKnownFileType = image.jpeg; path = EndBackground.jpg; sourceTree = "<group>"; };
		3F3B07431FDC8061007865F4 /* EndScene.swift */ = {isa = PBXFileReference; lastKnownFileType = sourcecode.swift; path = EndScene.swift; sourceTree = "<group>"; };
		3F6E48501FBCD325004016F8 /* YellowBall.png */ = {isa = PBXFileReference; lastKnownFileType = image.png; path = YellowBall.png; sourceTree = "<group>"; };
		3F6E48511FBCD325004016F8 /* RedBall.png */ = {isa = PBXFileReference; lastKnownFileType = image.png; path = RedBall.png; sourceTree = "<group>"; };
		3F6E48551FBCD385004016F8 /* BlueBall.png */ = {isa = PBXFileReference; lastKnownFileType = image.png; path = BlueBall.png; sourceTree = "<group>"; };
		3F8C072B1FD5EC0A00ED5934 /* level1.sks */ = {isa = PBXFileReference; lastKnownFileType = file.sks; path = level1.sks; sourceTree = "<group>"; };
		3F8C072F1FD5F42900ED5934 /* level3.sks */ = {isa = PBXFileReference; lastKnownFileType = file.sks; path = level3.sks; sourceTree = "<group>"; };
		3F8C07331FD5F5A300ED5934 /* level4.sks */ = {isa = PBXFileReference; lastKnownFileType = file.sks; path = level4.sks; sourceTree = "<group>"; };
		3F8C07351FD5FB0B00ED5934 /* level5.sks */ = {isa = PBXFileReference; lastKnownFileType = file.sks; path = level5.sks; sourceTree = "<group>"; };
		3FAF758A1FBD319D00E4681B /* launchBall.swift */ = {isa = PBXFileReference; lastKnownFileType = sourcecode.swift; path = launchBall.swift; sourceTree = "<group>"; };
		3FD113B61FDB0926002D0113 /* HomeBackground.jpg */ = {isa = PBXFileReference; lastKnownFileType = image.jpeg; path = HomeBackground.jpg; sourceTree = "<group>"; };
		3FD113B81FDB095C002D0113 /* homeScene.sks */ = {isa = PBXFileReference; lastKnownFileType = file.sks; path = homeScene.sks; sourceTree = "<group>"; };
		3FD113BA1FDB0FCB002D0113 /* HomeScene.swift */ = {isa = PBXFileReference; lastKnownFileType = sourcecode.swift; path = HomeScene.swift; sourceTree = "<group>"; };
		3FDD98271FD33AB90047704A /* level2.sks */ = {isa = PBXFileReference; lastKnownFileType = file.sks; path = level2.sks; sourceTree = "<group>"; };
		3FDD982A1FD33D790047704A /* SceneManager.swift */ = {isa = PBXFileReference; fileEncoding = 4; lastKnownFileType = sourcecode.swift; path = SceneManager.swift; sourceTree = "<group>"; };
		3FDEEE2D1FBD2000005E70ED /* testScene.sks */ = {isa = PBXFileReference; lastKnownFileType = file.sks; path = testScene.sks; sourceTree = "<group>"; };
		3FFDCA2B1FBB42C1008C40AE /* SplatForm.app */ = {isa = PBXFileReference; explicitFileType = wrapper.application; includeInIndex = 0; path = SplatForm.app; sourceTree = BUILT_PRODUCTS_DIR; };
		3FFDCA2E1FBB42C1008C40AE /* AppDelegate.swift */ = {isa = PBXFileReference; lastKnownFileType = sourcecode.swift; path = AppDelegate.swift; sourceTree = "<group>"; };
		3FFDCA301FBB42C1008C40AE /* GameScene.sks */ = {isa = PBXFileReference; lastKnownFileType = file.sks; path = GameScene.sks; sourceTree = "<group>"; };
		3FFDCA321FBB42C1008C40AE /* Actions.sks */ = {isa = PBXFileReference; lastKnownFileType = file.sks; path = Actions.sks; sourceTree = "<group>"; };
		3FFDCA341FBB42C1008C40AE /* GameScene.swift */ = {isa = PBXFileReference; indentWidth = 2; lastKnownFileType = sourcecode.swift; path = GameScene.swift; sourceTree = "<group>"; tabWidth = 3; };
		3FFDCA361FBB42C1008C40AE /* GameViewController.swift */ = {isa = PBXFileReference; lastKnownFileType = sourcecode.swift; path = GameViewController.swift; sourceTree = "<group>"; };
		3FFDCA391FBB42C1008C40AE /* Base */ = {isa = PBXFileReference; lastKnownFileType = file.storyboard; name = Base; path = Base.lproj/Main.storyboard; sourceTree = "<group>"; };
		3FFDCA3B1FBB42C1008C40AE /* Assets.xcassets */ = {isa = PBXFileReference; lastKnownFileType = folder.assetcatalog; path = Assets.xcassets; sourceTree = "<group>"; };
		3FFDCA3E1FBB42C1008C40AE /* Base */ = {isa = PBXFileReference; lastKnownFileType = file.storyboard; name = Base; path = Base.lproj/LaunchScreen.storyboard; sourceTree = "<group>"; };
		3FFDCA401FBB42C1008C40AE /* Info.plist */ = {isa = PBXFileReference; lastKnownFileType = text.plist.xml; path = Info.plist; sourceTree = "<group>"; };
/* End PBXFileReference section */

/* Begin PBXFrameworksBuildPhase section */
		3FFDCA281FBB42C1008C40AE /* Frameworks */ = {
			isa = PBXFrameworksBuildPhase;
			buildActionMask = 2147483647;
			files = (
			);
			runOnlyForDeploymentPostprocessing = 0;
		};
/* End PBXFrameworksBuildPhase section */

/* Begin PBXGroup section */
		3F3B07451FDC8066007865F4 /* SceneCode */ = {
			isa = PBXGroup;
			children = (
				3FD113BA1FDB0FCB002D0113 /* HomeScene.swift */,
				3F3B07431FDC8061007865F4 /* EndScene.swift */,
				3FFDCA341FBB42C1008C40AE /* GameScene.swift */,
				3F3B073D1FDC7994007865F4 /* AppData.swift */,
			);
			path = SceneCode;
			sourceTree = "<group>";
		};
		3F3B07461FDC80D1007865F4 /* ViewController */ = {
			isa = PBXGroup;
			children = (
				3FFDCA361FBB42C1008C40AE /* GameViewController.swift */,
			);
			path = ViewController;
			sourceTree = "<group>";
		};
		3F6E484D1FBCCEF4004016F8 /* Scenes */ = {
			isa = PBXGroup;
			children = (
				3FFDCA301FBB42C1008C40AE /* GameScene.sks */,
				3F3B073F1FDC7C65007865F4 /* endScene.sks */,
				3F8C07351FD5FB0B00ED5934 /* level5.sks */,
				3F8C072F1FD5F42900ED5934 /* level3.sks */,
				3F8C07331FD5F5A300ED5934 /* level4.sks */,
				3F8C072B1FD5EC0A00ED5934 /* level1.sks */,
				3FDD98271FD33AB90047704A /* level2.sks */,
				3FDEEE2D1FBD2000005E70ED /* testScene.sks */,
				3FD113B81FDB095C002D0113 /* homeScene.sks */,
			);
			path = Scenes;
			sourceTree = "<group>";
		};
		3F6E484E1FBCD306004016F8 /* ArtAssets */ = {
			isa = PBXGroup;
			children = (
				3F3B07411FDC7CFB007865F4 /* EndBackground.jpg */,
				3FD113B61FDB0926002D0113 /* HomeBackground.jpg */,
				3F6E48551FBCD385004016F8 /* BlueBall.png */,
				3F6E48511FBCD325004016F8 /* RedBall.png */,
				3F6E48501FBCD325004016F8 /* YellowBall.png */,
			);
			path = ArtAssets;
			sourceTree = "<group>";
		};
		3FDD98291FD33D5F0047704A /* Protocol */ = {
			isa = PBXGroup;
			children = (
				3FDD982A1FD33D790047704A /* SceneManager.swift */,
			);
			path = Protocol;
			sourceTree = "<group>";
		};
		3FFDCA221FBB42C1008C40AE = {
			isa = PBXGroup;
			children = (
				3FFDCA2D1FBB42C1008C40AE /* SplatForm */,
				3FFDCA2C1FBB42C1008C40AE /* Products */,
			);
			sourceTree = "<group>";
		};
		3FFDCA2C1FBB42C1008C40AE /* Products */ = {
			isa = PBXGroup;
			children = (
				3FFDCA2B1FBB42C1008C40AE /* SplatForm.app */,
			);
			name = Products;
			sourceTree = "<group>";
		};
		3FFDCA2D1FBB42C1008C40AE /* SplatForm */ = {
			isa = PBXGroup;
			children = (
				3FDD98291FD33D5F0047704A /* Protocol */,
				3F6E484E1FBCD306004016F8 /* ArtAssets */,
				3F3B07461FDC80D1007865F4 /* ViewController */,
				3F3B07451FDC8066007865F4 /* SceneCode */,
				3F6E484D1FBCCEF4004016F8 /* Scenes */,
				3FFDCA321FBB42C1008C40AE /* Actions.sks */,
				3FFDCA2E1FBB42C1008C40AE /* AppDelegate.swift */,
				3FAF758A1FBD319D00E4681B /* launchBall.swift */,
				3FFDCA381FBB42C1008C40AE /* Main.storyboard */,
				3FFDCA3B1FBB42C1008C40AE /* Assets.xcassets */,
				3FFDCA3D1FBB42C1008C40AE /* LaunchScreen.storyboard */,
				3FFDCA401FBB42C1008C40AE /* Info.plist */,
			);
			path = SplatForm;
			sourceTree = "<group>";
		};
/* End PBXGroup section */

/* Begin PBXNativeTarget section */
		3FFDCA2A1FBB42C1008C40AE /* SplatForm */ = {
			isa = PBXNativeTarget;
			buildConfigurationList = 3FFDCA431FBB42C1008C40AE /* Build configuration list for PBXNativeTarget "SplatForm" */;
			buildPhases = (
				3FFDCA271FBB42C1008C40AE /* Sources */,
				3FFDCA281FBB42C1008C40AE /* Frameworks */,
				3FFDCA291FBB42C1008C40AE /* Resources */,
			);
			buildRules = (
			);
			dependencies = (
			);
			name = SplatForm;
			productName = SplatForm;
			productReference = 3FFDCA2B1FBB42C1008C40AE /* SplatForm.app */;
			productType = "com.apple.product-type.application";
		};
/* End PBXNativeTarget section */

/* Begin PBXProject section */
		3FFDCA231FBB42C1008C40AE /* Project object */ = {
			isa = PBXProject;
			attributes = {
				LastSwiftUpdateCheck = 0910;
				LastUpgradeCheck = 0910;
				ORGANIZATIONNAME = splat;
				TargetAttributes = {
					3FFDCA2A1FBB42C1008C40AE = {
						CreatedOnToolsVersion = 9.1;
						ProvisioningStyle = Automatic;
					};
				};
			};
			buildConfigurationList = 3FFDCA261FBB42C1008C40AE /* Build configuration list for PBXProject "SplatForm" */;
			compatibilityVersion = "Xcode 8.0";
			developmentRegion = en;
			hasScannedForEncodings = 0;
			knownRegions = (
				en,
				Base,
			);
			mainGroup = 3FFDCA221FBB42C1008C40AE;
			productRefGroup = 3FFDCA2C1FBB42C1008C40AE /* Products */;
			projectDirPath = "";
			projectRoot = "";
			targets = (
				3FFDCA2A1FBB42C1008C40AE /* SplatForm */,
			);
		};
/* End PBXProject section */

/* Begin PBXResourcesBuildPhase section */
		3FFDCA291FBB42C1008C40AE /* Resources */ = {
			isa = PBXResourcesBuildPhase;
			buildActionMask = 2147483647;
			files = (
				3FFDCA3A1FBB42C1008C40AE /* Main.storyboard in Resources */,
				3FFDCA311FBB42C1008C40AE /* GameScene.sks in Resources */,
				3F8C07341FD5F5A300ED5934 /* level4.sks in Resources */,
				3FD113B91FDB095C002D0113 /* homeScene.sks in Resources */,
				3F6E48561FBCD385004016F8 /* BlueBall.png in Resources */,
				3FFDCA3C1FBB42C1008C40AE /* Assets.xcassets in Resources */,
				3F6E48531FBCD326004016F8 /* YellowBall.png in Resources */,
				3F6E48541FBCD326004016F8 /* RedBall.png in Resources */,
				3FFDCA3F1FBB42C1008C40AE /* LaunchScreen.storyboard in Resources */,
				3FFDCA331FBB42C1008C40AE /* Actions.sks in Resources */,
				3FD113B71FDB0926002D0113 /* HomeBackground.jpg in Resources */,
				3F3B07401FDC7C65007865F4 /* endScene.sks in Resources */,
				3F8C07301FD5F42900ED5934 /* level3.sks in Resources */,
				3F3B07421FDC7CFB007865F4 /* EndBackground.jpg in Resources */,
				3F8C072C1FD5EC0A00ED5934 /* level1.sks in Resources */,
				3FDEEE2E1FBD2000005E70ED /* testScene.sks in Resources */,
				3F8C07361FD5FB0B00ED5934 /* level5.sks in Resources */,
				3FDD98281FD33AB90047704A /* level2.sks in Resources */,
			);
			runOnlyForDeploymentPostprocessing = 0;
		};
/* End PBXResourcesBuildPhase section */

/* Begin PBXSourcesBuildPhase section */
		3FFDCA271FBB42C1008C40AE /* Sources */ = {
			isa = PBXSourcesBuildPhase;
			buildActionMask = 2147483647;
			files = (
				3FFDCA351FBB42C1008C40AE /* GameScene.swift in Sources */,
				3FAF758B1FBD319D00E4681B /* launchBall.swift in Sources */,
				3FDD982B1FD33D790047704A /* SceneManager.swift in Sources */,
				3FD113BB1FDB0FCB002D0113 /* HomeScene.swift in Sources */,
				3FFDCA371FBB42C1008C40AE /* GameViewController.swift in Sources */,
				3FFDCA2F1FBB42C1008C40AE /* AppDelegate.swift in Sources */,
				3F3B07441FDC8061007865F4 /* EndScene.swift in Sources */,
				3F3B073E1FDC7994007865F4 /* AppData.swift in Sources */,
			);
			runOnlyForDeploymentPostprocessing = 0;
		};
/* End PBXSourcesBuildPhase section */

/* Begin PBXVariantGroup section */
		3FFDCA381FBB42C1008C40AE /* Main.storyboard */ = {
			isa = PBXVariantGroup;
			children = (
				3FFDCA391FBB42C1008C40AE /* Base */,
			);
			name = Main.storyboard;
			sourceTree = "<group>";
		};
		3FFDCA3D1FBB42C1008C40AE /* LaunchScreen.storyboard */ = {
			isa = PBXVariantGroup;
			children = (
				3FFDCA3E1FBB42C1008C40AE /* Base */,
			);
			name = LaunchScreen.storyboard;
			sourceTree = "<group>";
		};
/* End PBXVariantGroup section */

/* Begin XCBuildConfiguration section */
		3FFDCA411FBB42C1008C40AE /* Debug */ = {
			isa = XCBuildConfiguration;
			buildSettings = {
				ALWAYS_SEARCH_USER_PATHS = NO;
				CLANG_ANALYZER_NONNULL = YES;
				CLANG_ANALYZER_NUMBER_OBJECT_CONVERSION = YES_AGGRESSIVE;
				CLANG_CXX_LANGUAGE_STANDARD = "gnu++14";
				CLANG_CXX_LIBRARY = "libc++";
				CLANG_ENABLE_MODULES = YES;
				CLANG_ENABLE_OBJC_ARC = YES;
				CLANG_WARN_BLOCK_CAPTURE_AUTORELEASING = YES;
				CLANG_WARN_BOOL_CONVERSION = YES;
				CLANG_WARN_COMMA = YES;
				CLANG_WARN_CONSTANT_CONVERSION = YES;
				CLANG_WARN_DIRECT_OBJC_ISA_USAGE = YES_ERROR;
				CLANG_WARN_DOCUMENTATION_COMMENTS = YES;
				CLANG_WARN_EMPTY_BODY = YES;
				CLANG_WARN_ENUM_CONVERSION = YES;
				CLANG_WARN_INFINITE_RECURSION = YES;
				CLANG_WARN_INT_CONVERSION = YES;
				CLANG_WARN_NON_LITERAL_NULL_CONVERSION = YES;
				CLANG_WARN_OBJC_LITERAL_CONVERSION = YES;
				CLANG_WARN_OBJC_ROOT_CLASS = YES_ERROR;
				CLANG_WARN_RANGE_LOOP_ANALYSIS = YES;
				CLANG_WARN_STRICT_PROTOTYPES = YES;
				CLANG_WARN_SUSPICIOUS_MOVE = YES;
				CLANG_WARN_UNGUARDED_AVAILABILITY = YES_AGGRESSIVE;
				CLANG_WARN_UNREACHABLE_CODE = YES;
				CLANG_WARN__DUPLICATE_METHOD_MATCH = YES;
				CODE_SIGN_IDENTITY = "iPhone Developer";
				COPY_PHASE_STRIP = NO;
				DEBUG_INFORMATION_FORMAT = dwarf;
				ENABLE_STRICT_OBJC_MSGSEND = YES;
				ENABLE_TESTABILITY = YES;
				GCC_C_LANGUAGE_STANDARD = gnu11;
				GCC_DYNAMIC_NO_PIC = NO;
				GCC_NO_COMMON_BLOCKS = YES;
				GCC_OPTIMIZATION_LEVEL = 0;
				GCC_PREPROCESSOR_DEFINITIONS = (
					"DEBUG=1",
					"$(inherited)",
				);
				GCC_WARN_64_TO_32_BIT_CONVERSION = YES;
				GCC_WARN_ABOUT_RETURN_TYPE = YES_ERROR;
				GCC_WARN_UNDECLARED_SELECTOR = YES;
				GCC_WARN_UNINITIALIZED_AUTOS = YES_AGGRESSIVE;
				GCC_WARN_UNUSED_FUNCTION = YES;
				GCC_WARN_UNUSED_VARIABLE = YES;
				IPHONEOS_DEPLOYMENT_TARGET = 11.1;
				MTL_ENABLE_DEBUG_INFO = YES;
				ONLY_ACTIVE_ARCH = YES;
				SDKROOT = iphoneos;
				SWIFT_ACTIVE_COMPILATION_CONDITIONS = DEBUG;
				SWIFT_OPTIMIZATION_LEVEL = "-Onone";
			};
			name = Debug;
		};
		3FFDCA421FBB42C1008C40AE /* Release */ = {
			isa = XCBuildConfiguration;
			buildSettings = {
				ALWAYS_SEARCH_USER_PATHS = NO;
				CLANG_ANALYZER_NONNULL = YES;
				CLANG_ANALYZER_NUMBER_OBJECT_CONVERSION = YES_AGGRESSIVE;
				CLANG_CXX_LANGUAGE_STANDARD = "gnu++14";
				CLANG_CXX_LIBRARY = "libc++";
				CLANG_ENABLE_MODULES = YES;
				CLANG_ENABLE_OBJC_ARC = YES;
				CLANG_WARN_BLOCK_CAPTURE_AUTORELEASING = YES;
				CLANG_WARN_BOOL_CONVERSION = YES;
				CLANG_WARN_COMMA = YES;
				CLANG_WARN_CONSTANT_CONVERSION = YES;
				CLANG_WARN_DIRECT_OBJC_ISA_USAGE = YES_ERROR;
				CLANG_WARN_DOCUMENTATION_COMMENTS = YES;
				CLANG_WARN_EMPTY_BODY = YES;
				CLANG_WARN_ENUM_CONVERSION = YES;
				CLANG_WARN_INFINITE_RECURSION = YES;
				CLANG_WARN_INT_CONVERSION = YES;
				CLANG_WARN_NON_LITERAL_NULL_CONVERSION = YES;
				CLANG_WARN_OBJC_LITERAL_CONVERSION = YES;
				CLANG_WARN_OBJC_ROOT_CLASS = YES_ERROR;
				CLANG_WARN_RANGE_LOOP_ANALYSIS = YES;
				CLANG_WARN_STRICT_PROTOTYPES = YES;
				CLANG_WARN_SUSPICIOUS_MOVE = YES;
				CLANG_WARN_UNGUARDED_AVAILABILITY = YES_AGGRESSIVE;
				CLANG_WARN_UNREACHABLE_CODE = YES;
				CLANG_WARN__DUPLICATE_METHOD_MATCH = YES;
				CODE_SIGN_IDENTITY = "iPhone Developer";
				COPY_PHASE_STRIP = NO;
				DEBUG_INFORMATION_FORMAT = "dwarf-with-dsym";
				ENABLE_NS_ASSERTIONS = NO;
				ENABLE_STRICT_OBJC_MSGSEND = YES;
				GCC_C_LANGUAGE_STANDARD = gnu11;
				GCC_NO_COMMON_BLOCKS = YES;
				GCC_WARN_64_TO_32_BIT_CONVERSION = YES;
				GCC_WARN_ABOUT_RETURN_TYPE = YES_ERROR;
				GCC_WARN_UNDECLARED_SELECTOR = YES;
				GCC_WARN_UNINITIALIZED_AUTOS = YES_AGGRESSIVE;
				GCC_WARN_UNUSED_FUNCTION = YES;
				GCC_WARN_UNUSED_VARIABLE = YES;
				IPHONEOS_DEPLOYMENT_TARGET = 11.1;
				MTL_ENABLE_DEBUG_INFO = NO;
				SDKROOT = iphoneos;
				SWIFT_OPTIMIZATION_LEVEL = "-Owholemodule";
				VALIDATE_PRODUCT = YES;
			};
			name = Release;
		};
		3FFDCA441FBB42C1008C40AE /* Debug */ = {
			isa = XCBuildConfiguration;
			buildSettings = {
				ASSETCATALOG_COMPILER_APPICON_NAME = AppIcon;
				CODE_SIGN_STYLE = Automatic;
				DEVELOPMENT_TEAM = 25YN25P748;
				INFOPLIST_FILE = SplatForm/Info.plist;
				LD_RUNPATH_SEARCH_PATHS = "$(inherited) @executable_path/Frameworks";
				PRODUCT_BUNDLE_IDENTIFIER = splatGame1.3SplatForm;
				PRODUCT_NAME = "$(TARGET_NAME)";
				SWIFT_VERSION = 4.0;
				TARGETED_DEVICE_FAMILY = "1,2";
			};
			name = Debug;
		};
		3FFDCA451FBB42C1008C40AE /* Release */ = {
			isa = XCBuildConfiguration;
			buildSettings = {
				ASSETCATALOG_COMPILER_APPICON_NAME = AppIcon;
				CODE_SIGN_STYLE = Automatic;
				DEVELOPMENT_TEAM = 25YN25P748;
				INFOPLIST_FILE = SplatForm/Info.plist;
				LD_RUNPATH_SEARCH_PATHS = "$(inherited) @executable_path/Frameworks";
				PRODUCT_BUNDLE_IDENTIFIER = splatGame1.3SplatForm;
				PRODUCT_NAME = "$(TARGET_NAME)";
				SWIFT_VERSION = 4.0;
				TARGETED_DEVICE_FAMILY = "1,2";
			};
			name = Release;
		};
/* End XCBuildConfiguration section */

/* Begin XCConfigurationList section */
		3FFDCA261FBB42C1008C40AE /* Build configuration list for PBXProject "SplatForm" */ = {
			isa = XCConfigurationList;
			buildConfigurations = (
				3FFDCA411FBB42C1008C40AE /* Debug */,
				3FFDCA421FBB42C1008C40AE /* Release */,
			);
			defaultConfigurationIsVisible = 0;
			defaultConfigurationName = Release;
		};
		3FFDCA431FBB42C1008C40AE /* Build configuration list for PBXNativeTarget "SplatForm" */ = {
			isa = XCConfigurationList;
			buildConfigurations = (
				3FFDCA441FBB42C1008C40AE /* Debug */,
				3FFDCA451FBB42C1008C40AE /* Release */,
			);
			defaultConfigurationIsVisible = 0;
			defaultConfigurationName = Release;
		};
/* End XCConfigurationList section */
	};
	rootObject = 3FFDCA231FBB42C1008C40AE /* Project object */;
}
